{
  "name": "xget",
  "version": "1.0.0",
  "lockfileVersion": 1,
  "requires": true,
  "dependencies": {
    "peeriocjs": {
      "version": "2.4.1",
      "resolved": "https://registry.npmjs.org/peeriocjs/-/peeriocjs-2.4.1.tgz",
      "integrity": "sha512-+0dzwm/aCDMXkrSGlMvPo8kzN5Uvd3ZwjbLjGsHWgk0EWdfEczqqx6N6f3b3hr+32h8nfgqoiXi40lx2z019Fw=="
    }
  }
}
